
Microsoft Visual Studio Solution File, Format Version 12.00
# Visual Studio Version 16
VisualStudioVersion = 25.0.1703.0
MinimumVisualStudioVersion = 10.0.40219.1
Project("{FAE04EC0-301F-11D3-BF4B-00C04F79EFBC}") = "GreatConsole", "GreatConsole\GreatConsole.csproj", "{D4FB3616-5BB8-4A8D-B926-46726A340C08}"
EndProject
Project("{2150E333-8FDC-42A3-9474-1A3956D46DE8}") = "Solution Items", "Solution Items", "{1AD1EB1D-E4E3-40F0-9DBC-47243ECE7C35}"
	ProjectSection(SolutionItems) = preProject
		README.txt = README.txt
	EndProjectSection
EndProject
Global
	GlobalSection(SolutionConfigurationPlatforms) = preSolution
		Debug|Any CPU = Debug|Any CPU
		Release|Any CPU = Release|Any CPU
	EndGlobalSection
	GlobalSection(ProjectConfigurationPlatforms) = postSolution
		{D4FB3616-5BB8-4A8D-B926-46726A340C08}.Debug|Any CPU.ActiveCfg = Debug|Any CPU
		{D4FB3616-5BB8-4A8D-B926-46726A340C08}.Debug|Any CPU.Build.0 = Debug|Any CPU
		{D4FB3616-5BB8-4A8D-B926-46726A340C08}.Release|Any CPU.ActiveCfg = Release|Any CPU
		{D4FB3616-5BB8-4A8D-B926-46726A340C08}.Release|Any CPU.Build.0 = Release|Any CPU
	EndGlobalSection
	GlobalSection(SolutionProperties) = preSolution
		HideSolutionNode = FALSE
	EndGlobalSection
	GlobalSection(ExtensibilityGlobals) = postSolution
		SolutionGuid = {9B94B5D2-43AF-4DFA-8A93-E04434CA8F30}
	EndGlobalSection
	GlobalSection(MonoDevelopProperties) = preSolution
		version = 1.1.2
		Policies = $0
		$0.DotNetNamingPolicy = $1
		$1.DirectoryNamespaceAssociation = PrefixedHierarchical
		$0.TextStylePolicy = $2
		$2.inheritsSet = null
		$2.scope = text/x-csharp
		$0.CSharpFormattingPolicy = $3
		$3.scope = text/x-csharp
		$0.TextStylePolicy = $4
		$4.FileWidth = 80
		$4.TabsToSpaces = True
		$4.scope = text/plain
		$0.StandardHeader = $5
		description = NuGet package for various console utilities.
	EndGlobalSection
EndGlobal
